
Microsoft Visual Studio Solution File, Format Version 12.00
# Visual Studio Version 17
VisualStudioVersion = 17.11.35222.181
MinimumVisualStudioVersion = 10.0.40219.1
Project("{2150E333-8FDC-42A3-9474-1A3956D46DE8}") = "Services", "Services", "{DE640CC7-A4CC-4BF0-8DE5-878B54CCF30F}"
EndProject
Project("{2150E333-8FDC-42A3-9474-1A3956D46DE8}") = "Catalog", "Catalog", "{EB8E436B-FFBB-454A-B3E0-9BF2DD258158}"
EndProject
Project("{9A19103F-16F7-4668-BE54-9A1E7A4F7556}") = "Catalog.Api", "Catalog.Api\Catalog.Api.csproj", "{A6AC5444-AC1B-4447-B6A4-8722465E3391}"
EndProject
Project("{2150E333-8FDC-42A3-9474-1A3956D46DE8}") = "BuildingBlocks", "BuildingBlocks", "{86A6F41B-E46C-48E9-906A-B567545630D8}"
EndProject
Project("{9A19103F-16F7-4668-BE54-9A1E7A4F7556}") = "BuildingBlocks", "BuildingBlocks\BuildingBlocks.csproj", "{862EE6E0-F5ED-4BFD-9F64-907CA0B1209C}"
EndProject
Project("{E53339B2-1760-4266-BCC7-CA923CBCF16C}") = "docker-compose", "docker-compose.dcproj", "{A8084E35-7049-4357-866B-CED325F56EBE}"
EndProject
Project("{9A19103F-16F7-4668-BE54-9A1E7A4F7556}") = "Basket.Api", "Basket.Api\Basket.Api.csproj", "{C862491E-3C63-4A25-B561-BF8A73BA770A}"
EndProject
Project("{2150E333-8FDC-42A3-9474-1A3956D46DE8}") = "Backet", "Backet", "{1A39CE40-E311-4D2C-B778-7515C407263E}"
EndProject
Project("{2150E333-8FDC-42A3-9474-1A3956D46DE8}") = "Discount", "Discount", "{57EA44EB-0F08-4366-8C51-8B3DAC5EC4A3}"
EndProject
Project("{9A19103F-16F7-4668-BE54-9A1E7A4F7556}") = "Dsicount.Grpc", "Dsicount.Grpc\Dsicount.Grpc.csproj", "{FD4A83BA-6613-4EDA-9C27-A043D4C657A4}"
EndProject
Project("{2150E333-8FDC-42A3-9474-1A3956D46DE8}") = "Ordering", "Ordering", "{5E401544-A235-40F7-8A19-614AC605A1FE}"
EndProject
Project("{9A19103F-16F7-4668-BE54-9A1E7A4F7556}") = "Ordering.API", "Ordering.API\Ordering.API.csproj", "{EF09B7BD-FC1A-4C5E-AE09-EAE613D373B2}"
EndProject
Project("{9A19103F-16F7-4668-BE54-9A1E7A4F7556}") = "Ordering.Domain", "Ordering.Domain\Ordering.Domain.csproj", "{0199DC83-ED56-4FE9-B4A4-16B153C365DE}"
EndProject
Project("{9A19103F-16F7-4668-BE54-9A1E7A4F7556}") = "Ordering.Application", "Ordering.Application\Ordering.Application.csproj", "{C575C556-B25F-472B-9723-1EB076427437}"
EndProject
Project("{9A19103F-16F7-4668-BE54-9A1E7A4F7556}") = "Ordering.Infrastructure", "Ordering.Infrastructure\Ordering.Infrastructure.csproj", "{F75F95DE-C579-464B-B20F-E9873E92B1E7}"
EndProject
Project("{FAE04EC0-301F-11D3-BF4B-00C04F79EFBC}") = "BuildingBlocks.Messaging", "BuildingBlocks.Messaging\BuildingBlocks.Messaging.csproj", "{8B5390D2-AB6E-4461-B44A-9E9AFE04E66F}"
EndProject
Global
	GlobalSection(SolutionConfigurationPlatforms) = preSolution
		Debug|Any CPU = Debug|Any CPU
		Release|Any CPU = Release|Any CPU
	EndGlobalSection
	GlobalSection(ProjectConfigurationPlatforms) = postSolution
		{A6AC5444-AC1B-4447-B6A4-8722465E3391}.Debug|Any CPU.ActiveCfg = Debug|Any CPU
		{A6AC5444-AC1B-4447-B6A4-8722465E3391}.Debug|Any CPU.Build.0 = Debug|Any CPU
		{A6AC5444-AC1B-4447-B6A4-8722465E3391}.Release|Any CPU.ActiveCfg = Release|Any CPU
		{A6AC5444-AC1B-4447-B6A4-8722465E3391}.Release|Any CPU.Build.0 = Release|Any CPU
		{862EE6E0-F5ED-4BFD-9F64-907CA0B1209C}.Debug|Any CPU.ActiveCfg = Debug|Any CPU
		{862EE6E0-F5ED-4BFD-9F64-907CA0B1209C}.Debug|Any CPU.Build.0 = Debug|Any CPU
		{862EE6E0-F5ED-4BFD-9F64-907CA0B1209C}.Release|Any CPU.ActiveCfg = Release|Any CPU
		{862EE6E0-F5ED-4BFD-9F64-907CA0B1209C}.Release|Any CPU.Build.0 = Release|Any CPU
		{A8084E35-7049-4357-866B-CED325F56EBE}.Debug|Any CPU.ActiveCfg = Debug|Any CPU
		{A8084E35-7049-4357-866B-CED325F56EBE}.Debug|Any CPU.Build.0 = Debug|Any CPU
		{A8084E35-7049-4357-866B-CED325F56EBE}.Release|Any CPU.ActiveCfg = Release|Any CPU
		{A8084E35-7049-4357-866B-CED325F56EBE}.Release|Any CPU.Build.0 = Release|Any CPU
		{C862491E-3C63-4A25-B561-BF8A73BA770A}.Debug|Any CPU.ActiveCfg = Debug|Any CPU
		{C862491E-3C63-4A25-B561-BF8A73BA770A}.Debug|Any CPU.Build.0 = Debug|Any CPU
		{C862491E-3C63-4A25-B561-BF8A73BA770A}.Release|Any CPU.ActiveCfg = Release|Any CPU
		{C862491E-3C63-4A25-B561-BF8A73BA770A}.Release|Any CPU.Build.0 = Release|Any CPU
		{FD4A83BA-6613-4EDA-9C27-A043D4C657A4}.Debug|Any CPU.ActiveCfg = Debug|Any CPU
		{FD4A83BA-6613-4EDA-9C27-A043D4C657A4}.Debug|Any CPU.Build.0 = Debug|Any CPU
		{FD4A83BA-6613-4EDA-9C27-A043D4C657A4}.Release|Any CPU.ActiveCfg = Release|Any CPU
		{FD4A83BA-6613-4EDA-9C27-A043D4C657A4}.Release|Any CPU.Build.0 = Release|Any CPU
		{EF09B7BD-FC1A-4C5E-AE09-EAE613D373B2}.Debug|Any CPU.ActiveCfg = Debug|Any CPU
		{EF09B7BD-FC1A-4C5E-AE09-EAE613D373B2}.Debug|Any CPU.Build.0 = Debug|Any CPU
		{EF09B7BD-FC1A-4C5E-AE09-EAE613D373B2}.Release|Any CPU.ActiveCfg = Release|Any CPU
		{EF09B7BD-FC1A-4C5E-AE09-EAE613D373B2}.Release|Any CPU.Build.0 = Release|Any CPU
		{0199DC83-ED56-4FE9-B4A4-16B153C365DE}.Debug|Any CPU.ActiveCfg = Debug|Any CPU
		{0199DC83-ED56-4FE9-B4A4-16B153C365DE}.Debug|Any CPU.Build.0 = Debug|Any CPU
		{0199DC83-ED56-4FE9-B4A4-16B153C365DE}.Release|Any CPU.ActiveCfg = Release|Any CPU
		{0199DC83-ED56-4FE9-B4A4-16B153C365DE}.Release|Any CPU.Build.0 = Release|Any CPU
		{C575C556-B25F-472B-9723-1EB076427437}.Debug|Any CPU.ActiveCfg = Debug|Any CPU
		{C575C556-B25F-472B-9723-1EB076427437}.Debug|Any CPU.Build.0 = Debug|Any CPU
		{C575C556-B25F-472B-9723-1EB076427437}.Release|Any CPU.ActiveCfg = Release|Any CPU
		{C575C556-B25F-472B-9723-1EB076427437}.Release|Any CPU.Build.0 = Release|Any CPU
		{F75F95DE-C579-464B-B20F-E9873E92B1E7}.Debug|Any CPU.ActiveCfg = Debug|Any CPU
		{F75F95DE-C579-464B-B20F-E9873E92B1E7}.Debug|Any CPU.Build.0 = Debug|Any CPU
		{F75F95DE-C579-464B-B20F-E9873E92B1E7}.Release|Any CPU.ActiveCfg = Release|Any CPU
		{F75F95DE-C579-464B-B20F-E9873E92B1E7}.Release|Any CPU.Build.0 = Release|Any CPU
		{8B5390D2-AB6E-4461-B44A-9E9AFE04E66F}.Debug|Any CPU.ActiveCfg = Debug|Any CPU
		{8B5390D2-AB6E-4461-B44A-9E9AFE04E66F}.Debug|Any CPU.Build.0 = Debug|Any CPU
		{8B5390D2-AB6E-4461-B44A-9E9AFE04E66F}.Release|Any CPU.ActiveCfg = Release|Any CPU
		{8B5390D2-AB6E-4461-B44A-9E9AFE04E66F}.Release|Any CPU.Build.0 = Release|Any CPU
	EndGlobalSection
	GlobalSection(SolutionProperties) = preSolution
		HideSolutionNode = FALSE
	EndGlobalSection
	GlobalSection(NestedProjects) = preSolution
		{EB8E436B-FFBB-454A-B3E0-9BF2DD258158} = {DE640CC7-A4CC-4BF0-8DE5-878B54CCF30F}
		{A6AC5444-AC1B-4447-B6A4-8722465E3391} = {EB8E436B-FFBB-454A-B3E0-9BF2DD258158}
		{862EE6E0-F5ED-4BFD-9F64-907CA0B1209C} = {86A6F41B-E46C-48E9-906A-B567545630D8}
		{C862491E-3C63-4A25-B561-BF8A73BA770A} = {1A39CE40-E311-4D2C-B778-7515C407263E}
		{1A39CE40-E311-4D2C-B778-7515C407263E} = {DE640CC7-A4CC-4BF0-8DE5-878B54CCF30F}
		{57EA44EB-0F08-4366-8C51-8B3DAC5EC4A3} = {DE640CC7-A4CC-4BF0-8DE5-878B54CCF30F}
		{FD4A83BA-6613-4EDA-9C27-A043D4C657A4} = {57EA44EB-0F08-4366-8C51-8B3DAC5EC4A3}
		{5E401544-A235-40F7-8A19-614AC605A1FE} = {DE640CC7-A4CC-4BF0-8DE5-878B54CCF30F}
		{EF09B7BD-FC1A-4C5E-AE09-EAE613D373B2} = {5E401544-A235-40F7-8A19-614AC605A1FE}
		{0199DC83-ED56-4FE9-B4A4-16B153C365DE} = {5E401544-A235-40F7-8A19-614AC605A1FE}
		{C575C556-B25F-472B-9723-1EB076427437} = {5E401544-A235-40F7-8A19-614AC605A1FE}
		{F75F95DE-C579-464B-B20F-E9873E92B1E7} = {5E401544-A235-40F7-8A19-614AC605A1FE}
		{8B5390D2-AB6E-4461-B44A-9E9AFE04E66F} = {86A6F41B-E46C-48E9-906A-B567545630D8}
	EndGlobalSection
	GlobalSection(ExtensibilityGlobals) = postSolution
		SolutionGuid = {4D8D3B35-8836-4CA3-BBD0-9770CAC7A3F3}
	EndGlobalSection
EndGlobal
